
Microsoft Visual Studio Solution File, Format Version 12.00
# Visual Studio 2015
Project("{FAE04EC0-301F-11D3-BF4B-00C04F79EFBC}") = "Roam_the_city", "Roam_the_city.csproj", "{C1FD50AE-87E7-C281-8C32-5974B12E681A}"
EndProject
Project("{FAE04EC0-301F-11D3-BF4B-00C04F79EFBC}") = "Roam_the_city.Editor", "Roam_the_city.Editor.csproj", "{8771CBFA-8797-0BA9-3B38-5FF7D33E2631}"
EndProject
Global
	GlobalSection(SolutionConfigurationPlatforms) = preSolution
		Debug|Any CPU = Debug|Any CPU
		Release|Any CPU = Release|Any CPU
	EndGlobalSection
	GlobalSection(ProjectConfigurationPlatforms) = postSolution
		{C1FD50AE-87E7-C281-8C32-5974B12E681A}.Debug|Any CPU.ActiveCfg = Debug|Any CPU
		{C1FD50AE-87E7-C281-8C32-5974B12E681A}.Debug|Any CPU.Build.0 = Debug|Any CPU
		{C1FD50AE-87E7-C281-8C32-5974B12E681A}.Release|Any CPU.ActiveCfg = Release|Any CPU
		{C1FD50AE-87E7-C281-8C32-5974B12E681A}.Release|Any CPU.Build.0 = Release|Any CPU
		{8771CBFA-8797-0BA9-3B38-5FF7D33E2631}.Debug|Any CPU.ActiveCfg = Debug|Any CPU
		{8771CBFA-8797-0BA9-3B38-5FF7D33E2631}.Debug|Any CPU.Build.0 = Debug|Any CPU
		{8771CBFA-8797-0BA9-3B38-5FF7D33E2631}.Release|Any CPU.ActiveCfg = Release|Any CPU
		{8771CBFA-8797-0BA9-3B38-5FF7D33E2631}.Release|Any CPU.Build.0 = Release|Any CPU
	EndGlobalSection
	GlobalSection(SolutionProperties) = preSolution
		HideSolutionNode = FALSE
	EndGlobalSection
EndGlobal
